PODS:
  - FBSnapshotTestCase (2.1.4):
    - FBSnapshotTestCase/SwiftSupport (= 2.1.4)
  - FBSnapshotTestCase/Core (2.1.4)
  - FBSnapshotTestCase/SwiftSupport (2.1.4):
    - FBSnapshotTestCase/Core
  - PYBaseEventHandler (0.1.1)

DEPENDENCIES:
  - FBSnapshotTestCase
  - PYBaseEventHandler (from `../`)

SPEC REPOS:
  trunk:
    - FBSnapshotTestCase

EXTERNAL SOURCES:
  PYBaseEventHandler:
    :path: "../"

SPEC CHECKSUMS:
  FBSnapshotTestCase: 094f9f314decbabe373b87cc339bea235a63e07a
  PYBaseEventHandler: 3ab74618842e3bf5025b7c3baec1ae2c25cd7b24

PODFILE CHECKSUM: d6a72dd17cf719bb6e5e1b16d7635816f7921643

COCOAPODS: 1.8.0.beta.1
